
Microsoft Visual Studio Solution File, Format Version 10.00
# Visual Studio 2008
Project("{8BC9CEB8-8B4A-11D0-8D11-00A0C91BC942}") = "cube", "cube\cube.vcproj", "{F339DA3C-3C57-454D-AD2C-AD839B4D7339}"
EndProject
Global
	GlobalSection(SolutionConfigurationPlatforms) = preSolution
		Debug|Win32 = Debug|Win32
		Release|Win32 = Release|Win32
	EndGlobalSection
	GlobalSection(ProjectConfigurationPlatforms) = postSolution
		{F339DA3C-3C57-454D-AD2C-AD839B4D7339}.Debug|Win32.ActiveCfg = Debug|Win32
		{F339DA3C-3C57-454D-AD2C-AD839B4D7339}.Debug|Win32.Build.0 = Debug|Win32
		{F339DA3C-3C57-454D-AD2C-AD839B4D7339}.Release|Win32.ActiveCfg = Release|Win32
		{F339DA3C-3C57-454D-AD2C-AD839B4D7339}.Release|Win32.Build.0 = Release|Win32
	EndGlobalSection
	GlobalSection(SolutionProperties) = preSolution
		HideSolutionNode = FALSE
	EndGlobalSection
EndGlobal
